
Microsoft Visual Studio Solution File, Format Version 12.00
# Visual Studio 15
VisualStudioVersion = 15.0.28010.2026
MinimumVisualStudioVersion = 10.0.40219.1
Project("{00D1A9C2-B5F0-4AF3-8072-F6C62B433612}") = "CheckPlus", "CheckPlus.sqlproj", "{F4E70CFD-71B6-4826-BE26-BC2F60CD177F}"
EndProject
Global
	GlobalSection(SolutionConfigurationPlatforms) = preSolution
		Debug|Any CPU = Debug|Any CPU
		Release|Any CPU = Release|Any CPU
	EndGlobalSection
	GlobalSection(ProjectConfigurationPlatforms) = postSolution
		{F4E70CFD-71B6-4826-BE26-BC2F60CD177F}.Debug|Any CPU.ActiveCfg = Debug|Any CPU
		{F4E70CFD-71B6-4826-BE26-BC2F60CD177F}.Debug|Any CPU.Build.0 = Debug|Any CPU
		{F4E70CFD-71B6-4826-BE26-BC2F60CD177F}.Debug|Any CPU.Deploy.0 = Debug|Any CPU
		{F4E70CFD-71B6-4826-BE26-BC2F60CD177F}.Release|Any CPU.ActiveCfg = Release|Any CPU
		{F4E70CFD-71B6-4826-BE26-BC2F60CD177F}.Release|Any CPU.Build.0 = Release|Any CPU
		{F4E70CFD-71B6-4826-BE26-BC2F60CD177F}.Release|Any CPU.Deploy.0 = Release|Any CPU
	EndGlobalSection
	GlobalSection(SolutionProperties) = preSolution
		HideSolutionNode = FALSE
	EndGlobalSection
	GlobalSection(ExtensibilityGlobals) = postSolution
		SolutionGuid = {AE4D96EB-8872-42F3-B94F-B19340CB2359}
	EndGlobalSection
EndGlobal
