
Microsoft Visual Studio Solution File, Format Version 12.00
# Visual Studio 15
VisualStudioVersion = 15.0.28010.2026
MinimumVisualStudioVersion = 10.0.40219.1
Project("{00D1A9C2-B5F0-4AF3-8072-F6C62B433612}") = "CheckPlus", "CheckPlus\CheckPlus.sqlproj", "{CC3BED3F-5F04-44C4-ACEE-A86F532A31E3}"
EndProject
Global
	GlobalSection(SolutionConfigurationPlatforms) = preSolution
		Debug|Any CPU = Debug|Any CPU
		Release|Any CPU = Release|Any CPU
	EndGlobalSection
	GlobalSection(ProjectConfigurationPlatforms) = postSolution
		{CC3BED3F-5F04-44C4-ACEE-A86F532A31E3}.Debug|Any CPU.ActiveCfg = Debug|Any CPU
		{CC3BED3F-5F04-44C4-ACEE-A86F532A31E3}.Debug|Any CPU.Build.0 = Debug|Any CPU
		{CC3BED3F-5F04-44C4-ACEE-A86F532A31E3}.Debug|Any CPU.Deploy.0 = Debug|Any CPU
		{CC3BED3F-5F04-44C4-ACEE-A86F532A31E3}.Release|Any CPU.ActiveCfg = Release|Any CPU
		{CC3BED3F-5F04-44C4-ACEE-A86F532A31E3}.Release|Any CPU.Build.0 = Release|Any CPU
		{CC3BED3F-5F04-44C4-ACEE-A86F532A31E3}.Release|Any CPU.Deploy.0 = Release|Any CPU
	EndGlobalSection
	GlobalSection(SolutionProperties) = preSolution
		HideSolutionNode = FALSE
	EndGlobalSection
	GlobalSection(ExtensibilityGlobals) = postSolution
		SolutionGuid = {58D3B052-8C1F-4C83-8244-AECB3560F90C}
	EndGlobalSection
EndGlobal
